
Microsoft Visual Studio Solution File, Format Version 12.00
# Visual Studio Version 17
VisualStudioVersion = 17.2.32630.192
MinimumVisualStudioVersion = 10.0.40219.1
Project("{9A19103F-16F7-4668-BE54-9A1E7A4F7556}") = "WeatherCore", "WeatherCore.csproj", "{D6EF81B5-9250-4824-8BA3-4D5C6DEA2609}"
EndProject
Project("{9A19103F-16F7-4668-BE54-9A1E7A4F7556}") = "WeatherConsoleApp", "WeatherConsoleApp\WeatherConsoleApp.csproj", "{352A0F0F-FC65-4E05-AC31-899D0B6A31E3}"
EndProject
Project("{9A19103F-16F7-4668-BE54-9A1E7A4F7556}") = "WeatherGuiApp", "WeatherGuiApp\WeatherGuiApp.csproj", "{59D82C16-895B-470D-B341-5F5562BEE746}"
EndProject
Global
	GlobalSection(SolutionConfigurationPlatforms) = preSolution
		Debug|Any CPU = Debug|Any CPU
		Release|Any CPU = Release|Any CPU
	EndGlobalSection
	GlobalSection(ProjectConfigurationPlatforms) = postSolution
		{D6EF81B5-9250-4824-8BA3-4D5C6DEA2609}.Debug|Any CPU.ActiveCfg = Debug|Any CPU
		{D6EF81B5-9250-4824-8BA3-4D5C6DEA2609}.Debug|Any CPU.Build.0 = Debug|Any CPU
		{D6EF81B5-9250-4824-8BA3-4D5C6DEA2609}.Release|Any CPU.ActiveCfg = Release|Any CPU
		{D6EF81B5-9250-4824-8BA3-4D5C6DEA2609}.Release|Any CPU.Build.0 = Release|Any CPU
		{352A0F0F-FC65-4E05-AC31-899D0B6A31E3}.Debug|Any CPU.ActiveCfg = Debug|Any CPU
		{352A0F0F-FC65-4E05-AC31-899D0B6A31E3}.Debug|Any CPU.Build.0 = Debug|Any CPU
		{352A0F0F-FC65-4E05-AC31-899D0B6A31E3}.Release|Any CPU.ActiveCfg = Release|Any CPU
		{352A0F0F-FC65-4E05-AC31-899D0B6A31E3}.Release|Any CPU.Build.0 = Release|Any CPU
		{59D82C16-895B-470D-B341-5F5562BEE746}.Debug|Any CPU.ActiveCfg = Debug|Any CPU
		{59D82C16-895B-470D-B341-5F5562BEE746}.Debug|Any CPU.Build.0 = Debug|Any CPU
		{59D82C16-895B-470D-B341-5F5562BEE746}.Release|Any CPU.ActiveCfg = Release|Any CPU
		{59D82C16-895B-470D-B341-5F5562BEE746}.Release|Any CPU.Build.0 = Release|Any CPU
	EndGlobalSection
	GlobalSection(SolutionProperties) = preSolution
		HideSolutionNode = FALSE
	EndGlobalSection
	GlobalSection(ExtensibilityGlobals) = postSolution
		SolutionGuid = {1850696D-A499-4953-9FD6-BED861B5A270}
	EndGlobalSection
EndGlobal
